
Microsoft Visual Studio Solution File, Format Version 12.00
# Visual Studio Version 17
VisualStudioVersion = 17.4.33205.214
MinimumVisualStudioVersion = 10.0.40219.1
Project("{9A19103F-16F7-4668-BE54-9A1E7A4F7556}") = "RandomStringGeneratorLib", "RandomStringGeneratorLib\RandomStringGeneratorLib.csproj", "{7E6C774D-D9CC-408A-8EF8-58D05B559294}"
EndProject
Project("{9A19103F-16F7-4668-BE54-9A1E7A4F7556}") = "RandomStringGeneratorClient", "RandomStringGeneratorClient\RandomStringGeneratorClient.csproj", "{DE35E4BD-0AA1-4AC8-8EBB-E6EF284238FF}"
EndProject
Project("{9A19103F-16F7-4668-BE54-9A1E7A4F7556}") = "RandomStringGeneratorTests", "RandomStringGeneratorTests\RandomStringGeneratorTests.csproj", "{23F27E70-51D3-4226-9C9F-F98AF7E9B527}"
EndProject
Project("{FAE04EC0-301F-11D3-BF4B-00C04F79EFBC}") = "PerformanceTests", "PerformanceTests\PerformanceTests.csproj", "{A018D450-7A7B-4D70-9A8C-47A77980511E}"
EndProject
Global
	GlobalSection(SolutionConfigurationPlatforms) = preSolution
		Debug|Any CPU = Debug|Any CPU
		Release|Any CPU = Release|Any CPU
	EndGlobalSection
	GlobalSection(ProjectConfigurationPlatforms) = postSolution
		{7E6C774D-D9CC-408A-8EF8-58D05B559294}.Debug|Any CPU.ActiveCfg = Debug|Any CPU
		{7E6C774D-D9CC-408A-8EF8-58D05B559294}.Debug|Any CPU.Build.0 = Debug|Any CPU
		{7E6C774D-D9CC-408A-8EF8-58D05B559294}.Release|Any CPU.ActiveCfg = Release|Any CPU
		{7E6C774D-D9CC-408A-8EF8-58D05B559294}.Release|Any CPU.Build.0 = Release|Any CPU
		{DE35E4BD-0AA1-4AC8-8EBB-E6EF284238FF}.Debug|Any CPU.ActiveCfg = Debug|Any CPU
		{DE35E4BD-0AA1-4AC8-8EBB-E6EF284238FF}.Debug|Any CPU.Build.0 = Debug|Any CPU
		{DE35E4BD-0AA1-4AC8-8EBB-E6EF284238FF}.Release|Any CPU.ActiveCfg = Release|Any CPU
		{DE35E4BD-0AA1-4AC8-8EBB-E6EF284238FF}.Release|Any CPU.Build.0 = Release|Any CPU
		{23F27E70-51D3-4226-9C9F-F98AF7E9B527}.Debug|Any CPU.ActiveCfg = Debug|Any CPU
		{23F27E70-51D3-4226-9C9F-F98AF7E9B527}.Debug|Any CPU.Build.0 = Debug|Any CPU
		{23F27E70-51D3-4226-9C9F-F98AF7E9B527}.Release|Any CPU.ActiveCfg = Release|Any CPU
		{23F27E70-51D3-4226-9C9F-F98AF7E9B527}.Release|Any CPU.Build.0 = Release|Any CPU
		{A018D450-7A7B-4D70-9A8C-47A77980511E}.Debug|Any CPU.ActiveCfg = Debug|Any CPU
		{A018D450-7A7B-4D70-9A8C-47A77980511E}.Debug|Any CPU.Build.0 = Debug|Any CPU
		{A018D450-7A7B-4D70-9A8C-47A77980511E}.Release|Any CPU.ActiveCfg = Release|Any CPU
		{A018D450-7A7B-4D70-9A8C-47A77980511E}.Release|Any CPU.Build.0 = Release|Any CPU
	EndGlobalSection
	GlobalSection(SolutionProperties) = preSolution
		HideSolutionNode = FALSE
	EndGlobalSection
	GlobalSection(ExtensibilityGlobals) = postSolution
		SolutionGuid = {01CD345B-ACC2-4994-B2EB-8A873746726D}
	EndGlobalSection
EndGlobal
